
Microsoft Visual Studio Solution File, Format Version 12.00
# Visual Studio Version 16
VisualStudioVersion = 16.0.34601.136
MinimumVisualStudioVersion = 10.0.40219.1
Project("{FAE04EC0-301F-11D3-BF4B-00C04F79EFBC}") = "Dvtlesso06FCK22CNTT4", "Dvtlesso06FCK22CNTT4.csproj", "{F1A604B1-61CD-4D31-968B-F9B02440F1F1}"
EndProject
Global
	GlobalSection(SolutionConfigurationPlatforms) = preSolution
		Debug|Any CPU = Debug|Any CPU
		Release|Any CPU = Release|Any CPU
	EndGlobalSection
	GlobalSection(ProjectConfigurationPlatforms) = postSolution
		{F1A604B1-61CD-4D31-968B-F9B02440F1F1}.Debug|Any CPU.ActiveCfg = Debug|Any CPU
		{F1A604B1-61CD-4D31-968B-F9B02440F1F1}.Debug|Any CPU.Build.0 = Debug|Any CPU
		{F1A604B1-61CD-4D31-968B-F9B02440F1F1}.Release|Any CPU.ActiveCfg = Release|Any CPU
		{F1A604B1-61CD-4D31-968B-F9B02440F1F1}.Release|Any CPU.Build.0 = Release|Any CPU
	EndGlobalSection
	GlobalSection(SolutionProperties) = preSolution
		HideSolutionNode = FALSE
	EndGlobalSection
	GlobalSection(ExtensibilityGlobals) = postSolution
		SolutionGuid = {7388ED93-B1A0-49CA-A420-74772FE1B802}
	EndGlobalSection
EndGlobal
